{
  "nodes": {
    "arduino-index": {
      "flake": false,
      "locked": {
        "lastModified": 1739836887,
        "narHash": "sha256-3Qn+fQjMqmZgPlc5vU3HdZ7JZrdyk/gsnmOr03Dci5E=",
        "owner": "bouk",
        "repo": "arduino-indexes",
        "rev": "ec2dd90a15d3b6745c49379a8bdb76b4dc6d5fdb",
        "type": "github"
      },
      "original": {
        "owner": "bouk",
        "repo": "arduino-indexes",
        "type": "github"
      }
    },
    "arduino-nix": {
      "locked": {
        "lastModified": 1735332078,
        "narHash": "sha256-PGZVUTg8BQKL1QgTr3Fcia8RBYYqsbHbx9lIunqdmxQ=",
        "owner": "bouk",
        "repo": "arduino-nix",
        "rev": "dd6c6f4de7d8d8bb460508de911c120dfc35b709",
        "type": "github"
      },
      "original": {
        "owner": "bouk",
        "repo": "arduino-nix",
        "type": "github"
      }
    },
    "flake-parts": {
      "inputs": {
        "nixpkgs-lib": "nixpkgs-lib"
      },
      "locked": {
        "lastModified": 1738453229,
        "narHash": "sha256-7H9XgNiGLKN1G1CgRh0vUL4AheZSYzPm+zmZ7vxbJdo=",
        "owner": "hercules-ci",
        "repo": "flake-parts",
        "rev": "32ea77a06711b758da0ad9bd6a844c5740a87abd",
        "type": "github"
      },
      "original": {
        "owner": "hercules-ci",
        "repo": "flake-parts",
        "type": "github"
      }
    },
    "fmway-nix": {
      "inputs": {
        "flake-parts": [
          "flake-parts"
        ],
        "nixpkgs": [
          "nixpkgs"
        ]
      },
      "locked": {
        "lastModified": 1739919194,
        "narHash": "sha256-UVpCFeMvfDRzLbLXfkfszkyySPMvUIPpM/ubOCgZSYg=",
        "owner": "fmway",
        "repo": "fmway.nix",
        "rev": "e7105508daa33449373dc69715cf18d2f0b3e677",
        "type": "github"
      },
      "original": {
        "owner": "fmway",
        "repo": "fmway.nix",
        "type": "github"
      }
    },
    "nixpkgs": {
      "locked": {
        "lastModified": 1738553537,
        "narHash": "sha256-HrrsuYIOl14dreCDUsXQGrWxdiU8LPKxcIo759jUk6Q=",
        "owner": "nixos",
        "repo": "nixpkgs",
        "rev": "2d31b9476b7c6f5b029e595586b0b112a7ad130b",
        "type": "github"
      },
      "original": {
        "owner": "nixos",
        "ref": "nixpkgs-unstable",
        "repo": "nixpkgs",
        "type": "github"
      }
    },
    "nixpkgs-lib": {
      "locked": {
        "lastModified": 1738452942,
        "narHash": "sha256-vJzFZGaCpnmo7I6i416HaBLpC+hvcURh/BQwROcGIp8=",
        "type": "tarball",
        "url": "https://github.com/NixOS/nixpkgs/archive/072a6db25e947df2f31aab9eccd0ab75d5b2da11.tar.gz"
      },
      "original": {
        "type": "tarball",
        "url": "https://github.com/NixOS/nixpkgs/archive/072a6db25e947df2f31aab9eccd0ab75d5b2da11.tar.gz"
      }
    },
    "root": {
      "inputs": {
        "arduino-index": "arduino-index",
        "arduino-nix": "arduino-nix",
        "flake-parts": "flake-parts",
        "fmway-nix": "fmway-nix",
        "nixpkgs": "nixpkgs"
      }
    }
  },
  "root": "root",
  "version": 7
}
